{
  "nodes": {
    "alternatetoggler": {
      "flake": false,
      "locked": {
        "lastModified": 1717519568,
        "narHash": "sha256-+UXbgVRki1CGRDHRNrnXOIvzr+0lCAftzGsGVzVQwL4=",
        "owner": "rmagatti",
        "repo": "alternate-toggler",
        "rev": "819800304d3e8e575fd6aa461a8bcf2217e1cfb6",
        "type": "github"
      },
      "original": {
        "owner": "rmagatti",
        "repo": "alternate-toggler",
        "type": "github"
      }
    },
    "autosave": {
      "flake": false,
      "locked": {
        "lastModified": 1667329943,
        "narHash": "sha256-bWGil73YiCKZEaY7IuUOIU4Q7k7qCMjSeQ4I+cAVe44=",
        "owner": "pocco81",
        "repo": "auto-save.nvim",
        "rev": "979b6c82f60cfa80f4cf437d77446d0ded0addf0",
        "type": "github"
      },
      "original": {
        "owner": "pocco81",
        "repo": "auto-save.nvim",
        "type": "github"
      }
    },
    "base16": {
      "flake": false,
      "locked": {
        "lastModified": 1730194519,
        "narHash": "sha256-XKtL6aur+jW2zNQ7lulZq1vUmaj7nOfCC8Q4rgcNkT8=",
        "owner": "echasnovski",
        "repo": "mini.base16",
        "rev": "97abc91a0ef042dbb0607ac538c5fecc65302fbb",
        "type": "github"
      },
      "original": {
        "owner": "echasnovski",
        "repo": "mini.base16",
        "type": "github"
      }
    },
    "bin": {
      "inputs": {
        "nixpkgs": [
          "nixpkgs"
        ]
      },
      "locked": {
        "lastModified": 1732880814,
        "narHash": "sha256-oj23Eg3FVBPij3SqF9t0gUseS4JuBs9Sc/p9Q9l355I=",
        "owner": "efnnix",
        "repo": "bin",
        "rev": "7b5da9dc6cc186f05fecb22a58fe038cbab79d61",
        "type": "github"
      },
      "original": {
        "owner": "efnnix",
        "repo": "bin",
        "type": "github"
      }
    },
    "console": {
      "inputs": {
        "nixpkgs": [
          "nixpkgs"
        ]
      },
      "locked": {
        "lastModified": 1732955589,
        "narHash": "sha256-+9s6h/Oiefpa2fR784GMLT8yMI9EoQi5X+2V1hbNeyc=",
        "owner": "efnnix",
        "repo": "console",
        "rev": "bd53b864c8875445e88adb8d6d6eed69723cd720",
        "type": "github"
      },
      "original": {
        "owner": "efnnix",
        "repo": "console",
        "type": "github"
      }
    },
    "dmenu": {
      "inputs": {
        "nixpkgs": [
          "nixpkgs"
        ]
      },
      "locked": {
        "lastModified": 1732876220,
        "narHash": "sha256-VDAqBnBg8L0Up/58Lh5Llj3V00o8IQIz8oOndKknHp0=",
        "owner": "efnnix",
        "repo": "dmenu",
        "rev": "61af6c90cc0008a0e0f298008c591dbbd6e08877",
        "type": "github"
      },
      "original": {
        "owner": "efnnix",
        "repo": "dmenu",
        "type": "github"
      }
    },
    "dwl": {
      "inputs": {
        "nixpkgs": [
          "nixpkgs"
        ]
      },
      "locked": {
        "lastModified": 1732909384,
        "narHash": "sha256-jSTZqHbgeXoNLgoHsMZmE37Fy4Fz3zS6efkenkBl3O4=",
        "owner": "efnnix",
        "repo": "dwl",
        "rev": "50198cdaddfe5007be2e8b3a196d84c2319cd201",
        "type": "github"
      },
      "original": {
        "owner": "efnnix",
        "repo": "dwl",
        "type": "github"
      }
    },
    "files": {
      "inputs": {
        "nixpkgs": [
          "nixpkgs"
        ]
      },
      "locked": {
        "lastModified": 1732798427,
        "narHash": "sha256-TAAyCIGUB22R1+ioy9fsERmEQTp6REGqNgGw5xEoifs=",
        "owner": "efnnix",
        "repo": "files",
        "rev": "afcb72849bf5cf97429465dccb7dc601e8406c07",
        "type": "github"
      },
      "original": {
        "owner": "efnnix",
        "repo": "files",
        "type": "github"
      }
    },
    "fish": {
      "inputs": {
        "nixpkgs": [
          "nixpkgs"
        ]
      },
      "locked": {
        "lastModified": 1732907100,
        "narHash": "sha256-vUHscLOAg3JwZzoXoLAP1bnh5i4QVg5WU1YZt+Uw4Io=",
        "owner": "efnnix",
        "repo": "fish",
        "rev": "ae3c1313d765a2e5bdbc5d5beffe5d76f34a1f01",
        "type": "github"
      },
      "original": {
        "owner": "efnnix",
        "repo": "fish",
        "type": "github"
      }
    },
    "git": {
      "inputs": {
        "nixpkgs": [
          "nixpkgs"
        ]
      },
      "locked": {
        "lastModified": 1732809432,
        "narHash": "sha256-bimK2PGyj2JKLS/qbW9UUOTlSmXJXS+KbUgljp29BKg=",
        "owner": "efnnix",
        "repo": "git",
        "rev": "f54bdb102ced85b68f901811f273ee5ba61cf1cc",
        "type": "github"
      },
      "original": {
        "owner": "efnnix",
        "repo": "git",
        "type": "github"
      }
    },
    "gitu": {
      "inputs": {
        "nixpkgs": [
          "nixpkgs"
        ]
      },
      "locked": {
        "lastModified": 1732801202,
        "narHash": "sha256-Wpl74lYP81gDAz3w7sgjsccGa7cvQrsqsu/oyTpeipM=",
        "owner": "efnnix",
        "repo": "gitu",
        "rev": "a46ade3c07c52b29926f55ade63e10b3b5f3801e",
        "type": "github"
      },
      "original": {
        "owner": "efnnix",
        "repo": "gitu",
        "type": "github"
      }
    },
    "kanata": {
      "inputs": {
        "nixpkgs": [
          "nixpkgs"
        ]
      },
      "locked": {
        "lastModified": 1732875249,
        "narHash": "sha256-zzU4cleUA/E4oZwkJoAoTpij5EfTYvWAcjWsm4+mE5I=",
        "owner": "efnnix",
        "repo": "kanata",
        "rev": "2e0eb4141266b883b19e4f1efc9f126694b6dcf4",
        "type": "github"
      },
      "original": {
        "owner": "efnnix",
        "repo": "kanata",
        "type": "github"
      }
    },
    "mako": {
      "inputs": {
        "nixpkgs": [
          "nixpkgs"
        ]
      },
      "locked": {
        "lastModified": 1732881075,
        "narHash": "sha256-VU4K34LAcC8IKOK8sEvrRyg8eYbcO7R+VOf+ffJdHsE=",
        "owner": "efnnix",
        "repo": "mako",
        "rev": "0ea42257279fc0b8b7972d5f7bc34c578534e110",
        "type": "github"
      },
      "original": {
        "owner": "efnnix",
        "repo": "mako",
        "type": "github"
      }
    },
    "ncmpcpp": {
      "inputs": {
        "nixpkgs": [
          "nixpkgs"
        ]
      },
      "locked": {
        "lastModified": 1732801955,
        "narHash": "sha256-GoDoblxjAHqnrJkNwpKbxMeUTtSYD6EvFIBFa5lM46c=",
        "owner": "efnnix",
        "repo": "ncmpcpp",
        "rev": "ef70b2fc30310ff2cb8d79b36282c403045dc644",
        "type": "github"
      },
      "original": {
        "owner": "efnnix",
        "repo": "ncmpcpp",
        "type": "github"
      }
    },
    "nix-index": {
      "inputs": {
        "nixpkgs": [
          "system",
          "nixpkgs"
        ]
      },
      "locked": {
        "lastModified": 1732519917,
        "narHash": "sha256-AGXhwHdJV0q/WNgqwrR2zriubLr785b02FphaBtyt1Q=",
        "owner": "nix-community",
        "repo": "nix-index-database",
        "rev": "f4a5ca5771ba9ca31ad24a62c8d511a405303436",
        "type": "github"
      },
      "original": {
        "owner": "nix-community",
        "repo": "nix-index-database",
        "type": "github"
      }
    },
    "nixpkgs": {
      "locked": {
        "lastModified": 1732350895,
        "narHash": "sha256-GcOQbOgmwlsRhpLGSwZJwLbo3pu9ochMETuRSS1xpz4=",
        "owner": "nixos",
        "repo": "nixpkgs",
        "rev": "0c582677378f2d9ffcb01490af2f2c678dcb29d3",
        "type": "github"
      },
      "original": {
        "owner": "nixos",
        "ref": "nixos-24.11",
        "repo": "nixpkgs",
        "type": "github"
      }
    },
    "nsxiv": {
      "inputs": {
        "nixpkgs": [
          "nixpkgs"
        ]
      },
      "locked": {
        "lastModified": 1732797980,
        "narHash": "sha256-+5W1VVDPJl1/ItLVfGd6TyIdC9iV2DeMrXgh+RTT9XQ=",
        "owner": "efnnix",
        "repo": "nsxiv",
        "rev": "32337076734c4293513e1c2909fc43d629602fa7",
        "type": "github"
      },
      "original": {
        "owner": "efnnix",
        "repo": "nsxiv",
        "type": "github"
      }
    },
    "nvim": {
      "inputs": {
        "alternatetoggler": "alternatetoggler",
        "autosave": "autosave",
        "base16": "base16",
        "nixpkgs": [
          "nixpkgs"
        ],
        "recorder": "recorder",
        "sentiment": "sentiment"
      },
      "locked": {
        "lastModified": 1732901475,
        "narHash": "sha256-bEsGCO5KSUp5gODtOG/vw6D6tc7yEaHYn4bdl3YdFLQ=",
        "owner": "efnnix",
        "repo": "nvim",
        "rev": "3253a3e3248525e7daea9b2c4232b20a10869b8e",
        "type": "github"
      },
      "original": {
        "owner": "efnnix",
        "repo": "nvim",
        "type": "github"
      }
    },
    "qutebrowser": {
      "inputs": {
        "nixpkgs": [
          "nixpkgs"
        ]
      },
      "locked": {
        "lastModified": 1732973030,
        "narHash": "sha256-zhoA/J4v9gudrFJsInnzDpCwa4YKKN4CoTkMRWPwAOA=",
        "owner": "efnnix",
        "repo": "qutebrowser",
        "rev": "cbf449fc4cedf8adabf698c026963a46ff4f94fb",
        "type": "github"
      },
      "original": {
        "owner": "efnnix",
        "repo": "qutebrowser",
        "type": "github"
      }
    },
    "recorder": {
      "flake": false,
      "locked": {
        "lastModified": 1732723046,
        "narHash": "sha256-QDpXsygsgUal2eyihMmMWlzQcrVM6Ug+t3jDw+z5t80=",
        "owner": "chrisgrieser",
        "repo": "nvim-recorder",
        "rev": "68a75f97967e909116c282bedc211a6bd078a4d2",
        "type": "github"
      },
      "original": {
        "owner": "chrisgrieser",
        "repo": "nvim-recorder",
        "type": "github"
      }
    },
    "root": {
      "inputs": {
        "bin": "bin",
        "console": "console",
        "dmenu": "dmenu",
        "dwl": "dwl",
        "files": "files",
        "fish": "fish",
        "git": "git",
        "gitu": "gitu",
        "kanata": "kanata",
        "mako": "mako",
        "ncmpcpp": "ncmpcpp",
        "nixpkgs": "nixpkgs",
        "nsxiv": "nsxiv",
        "nvim": "nvim",
        "qutebrowser": "qutebrowser",
        "secrets": "secrets",
        "st": "st",
        "system": "system",
        "theme": "theme",
        "tmux": "tmux",
        "ueberzugpp": "ueberzugpp",
        "xmenu": "xmenu"
      }
    },
    "secrets": {
      "inputs": {
        "nixpkgs": [
          "nixpkgs"
        ],
        "sops": "sops"
      },
      "locked": {
        "lastModified": 1732889481,
        "narHash": "sha256-YTR5uE7vlXfLR5YRWffYenq01C/MYAcPGm7c0yWwKaM=",
        "owner": "efnnix",
        "repo": "secrets",
        "rev": "b94360fb7278a599759ec508168a46897006c98e",
        "type": "github"
      },
      "original": {
        "owner": "efnnix",
        "repo": "secrets",
        "type": "github"
      }
    },
    "sentiment": {
      "flake": false,
      "locked": {
        "lastModified": 1685109400,
        "narHash": "sha256-0ZpqlaCIfFrcfxdp/9BVXYvwgBXsqazo0isrsYfUYyQ=",
        "owner": "utilyre",
        "repo": "sentiment.nvim",
        "rev": "ecde8d877881bb78fdb90060c0991e76770dbdbc",
        "type": "github"
      },
      "original": {
        "owner": "utilyre",
        "repo": "sentiment.nvim",
        "type": "github"
      }
    },
    "sops": {
      "inputs": {
        "nixpkgs": [
          "secrets",
          "nixpkgs"
        ]
      },
      "locked": {
        "lastModified": 1732575825,
        "narHash": "sha256-xtt95+c7OUMoqZf4OvA/7AemiH3aVuWHQbErYQoPwFk=",
        "owner": "mic92",
        "repo": "sops-nix",
        "rev": "3433ea14fbd9e6671d0ff0dd45ed15ee4c156ffa",
        "type": "github"
      },
      "original": {
        "owner": "mic92",
        "repo": "sops-nix",
        "type": "github"
      }
    },
    "st": {
      "inputs": {
        "nixpkgs": [
          "nixpkgs"
        ]
      },
      "locked": {
        "lastModified": 1732902217,
        "narHash": "sha256-mcqcFCcFTKtd8VhHpIOS0Gh41r3+MZZuXide0QMSAbs=",
        "owner": "efnnix",
        "repo": "st",
        "rev": "636aad9e2e5c3044cc930bf890051b1bda38e0a0",
        "type": "github"
      },
      "original": {
        "owner": "efnnix",
        "repo": "st",
        "type": "github"
      }
    },
    "system": {
      "inputs": {
        "nix-index": "nix-index",
        "nixpkgs": [
          "nixpkgs"
        ]
      },
      "locked": {
        "lastModified": 1732955135,
        "narHash": "sha256-8ZS87L912NcMZMenm7VyWGSNY28WOFqN8qx1DbuoEzU=",
        "owner": "efnnix",
        "repo": "system",
        "rev": "0f946d498c0b8827264b48256c2e1718ca71fe84",
        "type": "github"
      },
      "original": {
        "owner": "efnnix",
        "repo": "system",
        "type": "github"
      }
    },
    "theme": {
      "inputs": {
        "nixpkgs": [
          "nixpkgs"
        ]
      },
      "locked": {
        "lastModified": 1732902239,
        "narHash": "sha256-VVIr8J9HbPN3nYAdHdRIVAzzYlkOagvKN/tddFtbzMc=",
        "owner": "efnnix",
        "repo": "theme",
        "rev": "f518b536cd878d549dfcfb2851968bf575d424da",
        "type": "github"
      },
      "original": {
        "owner": "efnnix",
        "repo": "theme",
        "type": "github"
      }
    },
    "tmux": {
      "inputs": {
        "nixpkgs": [
          "nixpkgs"
        ]
      },
      "locked": {
        "lastModified": 1732803467,
        "narHash": "sha256-scrJ/x0NKnBt04pHQ/mQinp52Nz12+3IegurpTd7Y5g=",
        "owner": "efnnix",
        "repo": "tmux",
        "rev": "951a17c9c28e152158310867cbb7d1ed300720ac",
        "type": "github"
      },
      "original": {
        "owner": "efnnix",
        "repo": "tmux",
        "type": "github"
      }
    },
    "ueberzugpp": {
      "inputs": {
        "nixpkgs": [
          "nixpkgs"
        ]
      },
      "locked": {
        "lastModified": 1732977572,
        "narHash": "sha256-qw8S30DYN9lmc/MDI2mOyRvQ6YZ6TfVlr8Zhb/Px1Ik=",
        "owner": "efnnix",
        "repo": "ueberzugpp",
        "rev": "f8ddd9fe12958bed59ef608b9c4f2a1869d947cb",
        "type": "github"
      },
      "original": {
        "owner": "efnnix",
        "repo": "ueberzugpp",
        "type": "github"
      }
    },
    "xmenu": {
      "inputs": {
        "nixpkgs": [
          "nixpkgs"
        ]
      },
      "locked": {
        "lastModified": 1732899500,
        "narHash": "sha256-2vWEDm9y6EgWnkk6ABoXUvXVPddl1e6IzUJDd8wHegA=",
        "owner": "efnnix",
        "repo": "xmenu",
        "rev": "1e4f40e99760e877858c390b77885700db36da73",
        "type": "github"
      },
      "original": {
        "owner": "efnnix",
        "repo": "xmenu",
        "type": "github"
      }
    }
  },
  "root": "root",
  "version": 7
}
