{
  "nodes": {
    "colors": {
      "inputs": {
        "nixpkgs": [
          "nixpkgs"
        ]
      },
      "locked": {
        "lastModified": 1732790272,
        "narHash": "sha256-Ak+gxB+cEwiHtrAxKYjaQrCMd7Zz3cXuq/U6eqBrq+w=",
        "owner": "efettf",
        "repo": "colors",
        "rev": "2ac7efaf10bbe39800aecccc0ca04b4f23635534",
        "type": "github"
      },
      "original": {
        "owner": "efettf",
        "repo": "colors",
        "type": "github"
      }
    },
    "dmenu": {
      "inputs": {
        "nixpkgs": [
          "nixpkgs"
        ]
      },
      "locked": {
        "lastModified": 1732790678,
        "narHash": "sha256-Aye3IuOQUM7pcE6YWLzbqQ8Uj7FgAGcqwDMatB2UmTY=",
        "owner": "efettf",
        "repo": "dmenu",
        "rev": "9327ad8a11446166fdad62b04597f72c0a83313b",
        "type": "github"
      },
      "original": {
        "owner": "efettf",
        "repo": "dmenu",
        "type": "github"
      }
    },
    "dwl": {
      "flake": false,
      "locked": {
        "lastModified": 1732621265,
        "narHash": "sha256-MP3vPKOx0YBZqMVYBQ6kaNhdXlRmAWj3JcutPH3nA34=",
        "owner": "efettf",
        "repo": "dwl",
        "rev": "43bf66f7dc70f58225cb77bedac5cbcf9f2f5bbb",
        "type": "github"
      },
      "original": {
        "owner": "efettf",
        "repo": "dwl",
        "type": "github"
      }
    },
    "fish-pisces": {
      "flake": false,
      "locked": {
        "lastModified": 1606703175,
        "narHash": "sha256-Oou2IeNNAqR00ZT3bss/DbhrJjGeMsn9dBBYhgdafBw=",
        "owner": "laughedelic",
        "repo": "pisces",
        "rev": "e45e0869855d089ba1e628b6248434b2dfa709c4",
        "type": "github"
      },
      "original": {
        "owner": "laughedelic",
        "repo": "pisces",
        "type": "github"
      }
    },
    "fish-puffer": {
      "flake": false,
      "locked": {
        "lastModified": 1709511829,
        "narHash": "sha256-2niYj0NLfmVIQguuGTA7RrPIcorJEPkxhH6Dhcy+6Bk=",
        "owner": "nickeb96",
        "repo": "puffer-fish",
        "rev": "12d062eae0ad24f4ec20593be845ac30cd4b5923",
        "type": "github"
      },
      "original": {
        "owner": "nickeb96",
        "repo": "puffer-fish",
        "type": "github"
      }
    },
    "fish-sponge": {
      "flake": false,
      "locked": {
        "lastModified": 1664918422,
        "narHash": "sha256-MdcZUDRtNJdiyo2l9o5ma7nAX84xEJbGFhAVhK+Zm1w=",
        "owner": "meaningful-ooo",
        "repo": "sponge",
        "rev": "384299545104d5256648cee9d8b117aaa9a6d7be",
        "type": "github"
      },
      "original": {
        "owner": "meaningful-ooo",
        "repo": "sponge",
        "type": "github"
      }
    },
    "fish-transient": {
      "flake": false,
      "locked": {
        "lastModified": 1727072926,
        "narHash": "sha256-jukfIiJ2+ppgys9pof/eBs4GGb7t413+okk1DwpRXcg=",
        "owner": "zzhaolei",
        "repo": "transient.fish",
        "rev": "fdb94391cd5a1a22e44ad6919527dec28b00ca0b",
        "type": "github"
      },
      "original": {
        "owner": "zzhaolei",
        "repo": "transient.fish",
        "type": "github"
      }
    },
    "fish-zoxide": {
      "flake": false,
      "locked": {
        "lastModified": 1660831028,
        "narHash": "sha256-Hq9UXB99kmbWKUVFDeJL790P8ek+xZR5LDvS+Qih+N4=",
        "owner": "kidonng",
        "repo": "zoxide.fish",
        "rev": "bfd5947bcc7cd01beb23c6a40ca9807c174bba0e",
        "type": "github"
      },
      "original": {
        "owner": "kidonng",
        "repo": "zoxide.fish",
        "type": "github"
      }
    },
    "nix-index": {
      "inputs": {
        "nixpkgs": [
          "system",
          "nixpkgs"
        ]
      },
      "locked": {
        "lastModified": 1732519917,
        "narHash": "sha256-AGXhwHdJV0q/WNgqwrR2zriubLr785b02FphaBtyt1Q=",
        "owner": "nix-community",
        "repo": "nix-index-database",
        "rev": "f4a5ca5771ba9ca31ad24a62c8d511a405303436",
        "type": "github"
      },
      "original": {
        "owner": "nix-community",
        "repo": "nix-index-database",
        "type": "github"
      }
    },
    "nixpkgs": {
      "locked": {
        "lastModified": 1731755305,
        "narHash": "sha256-v5P3dk5JdiT+4x69ZaB18B8+Rcu3TIOrcdG4uEX7WZ8=",
        "owner": "nixos",
        "repo": "nixpkgs",
        "rev": "057f63b6dc1a2c67301286152eb5af20747a9cb4",
        "type": "github"
      },
      "original": {
        "owner": "nixos",
        "ref": "nixos-24.11",
        "repo": "nixpkgs",
        "type": "github"
      }
    },
    "nvim-alternatetoggler": {
      "flake": false,
      "locked": {
        "lastModified": 1717519568,
        "narHash": "sha256-+UXbgVRki1CGRDHRNrnXOIvzr+0lCAftzGsGVzVQwL4=",
        "owner": "rmagatti",
        "repo": "alternate-toggler",
        "rev": "819800304d3e8e575fd6aa461a8bcf2217e1cfb6",
        "type": "github"
      },
      "original": {
        "owner": "rmagatti",
        "repo": "alternate-toggler",
        "type": "github"
      }
    },
    "nvim-autosave": {
      "flake": false,
      "locked": {
        "lastModified": 1667329943,
        "narHash": "sha256-bWGil73YiCKZEaY7IuUOIU4Q7k7qCMjSeQ4I+cAVe44=",
        "owner": "pocco81",
        "repo": "auto-save.nvim",
        "rev": "979b6c82f60cfa80f4cf437d77446d0ded0addf0",
        "type": "github"
      },
      "original": {
        "owner": "pocco81",
        "repo": "auto-save.nvim",
        "type": "github"
      }
    },
    "nvim-base16": {
      "flake": false,
      "locked": {
        "lastModified": 1730194519,
        "narHash": "sha256-XKtL6aur+jW2zNQ7lulZq1vUmaj7nOfCC8Q4rgcNkT8=",
        "owner": "echasnovski",
        "repo": "mini.base16",
        "rev": "97abc91a0ef042dbb0607ac538c5fecc65302fbb",
        "type": "github"
      },
      "original": {
        "owner": "echasnovski",
        "repo": "mini.base16",
        "type": "github"
      }
    },
    "nvim-recorder": {
      "flake": false,
      "locked": {
        "lastModified": 1731850757,
        "narHash": "sha256-51lqJ2FMI5BS9TOPmwoRQ5wV1GnSxs9FM25/1hfyyqw=",
        "owner": "chrisgrieser",
        "repo": "nvim-recorder",
        "rev": "60c47f8757817c8e1002795e17d39d23326c8c1e",
        "type": "github"
      },
      "original": {
        "owner": "chrisgrieser",
        "repo": "nvim-recorder",
        "type": "github"
      }
    },
    "nvim-sentiment": {
      "flake": false,
      "locked": {
        "lastModified": 1685109400,
        "narHash": "sha256-0ZpqlaCIfFrcfxdp/9BVXYvwgBXsqazo0isrsYfUYyQ=",
        "owner": "utilyre",
        "repo": "sentiment.nvim",
        "rev": "ecde8d877881bb78fdb90060c0991e76770dbdbc",
        "type": "github"
      },
      "original": {
        "owner": "utilyre",
        "repo": "sentiment.nvim",
        "type": "github"
      }
    },
    "root": {
      "inputs": {
        "colors": "colors",
        "dmenu": "dmenu",
        "dwl": "dwl",
        "fish-pisces": "fish-pisces",
        "fish-puffer": "fish-puffer",
        "fish-sponge": "fish-sponge",
        "fish-transient": "fish-transient",
        "fish-zoxide": "fish-zoxide",
        "nixpkgs": "nixpkgs",
        "nvim-alternatetoggler": "nvim-alternatetoggler",
        "nvim-autosave": "nvim-autosave",
        "nvim-base16": "nvim-base16",
        "nvim-recorder": "nvim-recorder",
        "nvim-sentiment": "nvim-sentiment",
        "sops": "sops",
        "st": "st",
        "system": "system",
        "tmux-sensible": "tmux-sensible",
        "tmux-yank": "tmux-yank"
      }
    },
    "sops": {
      "inputs": {
        "nixpkgs": [
          "nixpkgs"
        ]
      },
      "locked": {
        "lastModified": 1732575825,
        "narHash": "sha256-xtt95+c7OUMoqZf4OvA/7AemiH3aVuWHQbErYQoPwFk=",
        "owner": "mic92",
        "repo": "sops-nix",
        "rev": "3433ea14fbd9e6671d0ff0dd45ed15ee4c156ffa",
        "type": "github"
      },
      "original": {
        "owner": "mic92",
        "repo": "sops-nix",
        "type": "github"
      }
    },
    "st": {
      "inputs": {
        "nixpkgs": [
          "nixpkgs"
        ]
      },
      "locked": {
        "lastModified": 1732790714,
        "narHash": "sha256-F4cEU4S8evsefYPS+XA4woeNDbWrlqzD5TfsFQBWnpY=",
        "owner": "efettf",
        "repo": "st",
        "rev": "40fd5192e1713663e539798b5da96062ee7b46cd",
        "type": "github"
      },
      "original": {
        "owner": "efettf",
        "repo": "st",
        "type": "github"
      }
    },
    "system": {
      "inputs": {
        "nix-index": "nix-index",
        "nixpkgs": [
          "nixpkgs"
        ]
      },
      "locked": {
        "lastModified": 1732791805,
        "narHash": "sha256-vm4ahLMVTIfq6eiG4/MG+eyZB6fKE4rN+LsRaRt9w8s=",
        "owner": "efettf",
        "repo": "system",
        "rev": "6d2bac4a302d937dabacd1d97f6748c2ddde97cf",
        "type": "github"
      },
      "original": {
        "owner": "efettf",
        "repo": "system",
        "type": "github"
      }
    },
    "tmux-sensible": {
      "flake": false,
      "locked": {
        "lastModified": 1660507698,
        "narHash": "sha256-sw9g1Yzmv2fdZFLJSGhx1tatQ+TtjDYNZI5uny0+5Hg=",
        "owner": "tmux-plugins",
        "repo": "tmux-sensible",
        "rev": "25cb91f42d020f675bb0a2ce3fbd3a5d96119efa",
        "type": "github"
      },
      "original": {
        "owner": "tmux-plugins",
        "repo": "tmux-sensible",
        "type": "github"
      }
    },
    "tmux-yank": {
      "flake": false,
      "locked": {
        "lastModified": 1689770565,
        "narHash": "sha256-/5HPaoOx2U2d8lZZJo5dKmemu6hKgHJYq23hxkddXpA=",
        "owner": "tmux-plugins",
        "repo": "tmux-yank",
        "rev": "acfd36e4fcba99f8310a7dfb432111c242fe7392",
        "type": "github"
      },
      "original": {
        "owner": "tmux-plugins",
        "repo": "tmux-yank",
        "type": "github"
      }
    }
  },
  "root": "root",
  "version": 7
}
