{
  "nodes": {
    "dmenu": {
      "flake": false,
      "locked": {
        "lastModified": 1731359315,
        "narHash": "sha256-s6mH4eWscZJAKTCsaCuOBDKg3g6esYohUnW9VHvAUbo=",
        "owner": "efettf",
        "repo": "dmenu",
        "rev": "220efae30eac45e37361cfbbb82a15dec5ce4fad",
        "type": "github"
      },
      "original": {
        "owner": "efettf",
        "repo": "dmenu",
        "type": "github"
      }
    },
    "dwl": {
      "flake": false,
      "locked": {
        "lastModified": 1731439690,
        "narHash": "sha256-nCRb+7Eez0aiyK132KDpKB8KvyhXm6NOl83tEXuafdk=",
        "owner": "efettf",
        "repo": "dwl",
        "rev": "44968526a5d59decd58fb1d8d4865c714503cb51",
        "type": "github"
      },
      "original": {
        "owner": "efettf",
        "repo": "dwl",
        "type": "github"
      }
    },
    "flakelight": {
      "inputs": {
        "nixpkgs": "nixpkgs"
      },
      "locked": {
        "lastModified": 1731328800,
        "narHash": "sha256-gy6/aB9qY+PaOgqRXx5DQNsgKCkjjGKG1HYtth+WTlI=",
        "owner": "nix-community",
        "repo": "flakelight",
        "rev": "76fce036c5e0daf15a926de77f1410ae997c5d4c",
        "type": "github"
      },
      "original": {
        "owner": "nix-community",
        "repo": "flakelight",
        "type": "github"
      }
    },
    "nixpkgs": {
      "locked": {
        "lastModified": 1731139594,
        "narHash": "sha256-IigrKK3vYRpUu+HEjPL/phrfh7Ox881er1UEsZvw9Q4=",
        "owner": "NixOS",
        "repo": "nixpkgs",
        "rev": "76612b17c0ce71689921ca12d9ffdc9c23ce40b2",
        "type": "github"
      },
      "original": {
        "owner": "NixOS",
        "ref": "nixos-unstable",
        "repo": "nixpkgs",
        "type": "github"
      }
    },
    "nixpkgs_2": {
      "locked": {
        "lastModified": 1730023928,
        "narHash": "sha256-zTYzF6ukd6N/MSeMlIidL/tx3WMIgzjhCrM7XqHvjBk=",
        "owner": "nixos",
        "repo": "nixpkgs",
        "rev": "202790c6fc5023663aabde4052478dee319e62ed",
        "type": "github"
      },
      "original": {
        "owner": "nixos",
        "repo": "nixpkgs",
        "type": "github"
      }
    },
    "root": {
      "inputs": {
        "dmenu": "dmenu",
        "dwl": "dwl",
        "flakelight": "flakelight",
        "nixpkgs": "nixpkgs_2",
        "slstatus": "slstatus",
        "st": "st",
        "walls": "walls",
        "wrapper": "wrapper"
      }
    },
    "slstatus": {
      "flake": false,
      "locked": {
        "lastModified": 1731251018,
        "narHash": "sha256-uqpkpZI80+KpTbJjJV1r/oaDLa/ZhGoBAMuiTfpGt0U=",
        "owner": "efettf",
        "repo": "slstatus",
        "rev": "b5a48eff997e3006b27d7ea12d1d586fb3fdd71b",
        "type": "github"
      },
      "original": {
        "owner": "efettf",
        "repo": "slstatus",
        "type": "github"
      }
    },
    "st": {
      "flake": false,
      "locked": {
        "lastModified": 1731237017,
        "narHash": "sha256-JSjgmRz5dZPjcSPRaEN0FflZczUK4HA+NIdmbzKoLaQ=",
        "owner": "efettf",
        "repo": "st",
        "rev": "9f2e6d136ed8c81054010ac1513dff6a78fddee3",
        "type": "github"
      },
      "original": {
        "owner": "efettf",
        "repo": "st",
        "type": "github"
      }
    },
    "walls": {
      "flake": false,
      "locked": {
        "lastModified": 1731361689,
        "narHash": "sha256-H6jZP5CTWb5NJF9+PrwjzGx6tcGPgC9B4fvCI9rWuAI=",
        "owner": "efettf",
        "repo": "walls",
        "rev": "31c61a31202a14efd9b96203043161ea7e622b62",
        "type": "github"
      },
      "original": {
        "owner": "efettf",
        "repo": "walls",
        "type": "github"
      }
    },
    "wrapper": {
      "inputs": {
        "nixpkgs": [
          "nixpkgs"
        ]
      },
      "locked": {
        "lastModified": 1724503599,
        "narHash": "sha256-WVhNq3QjnG/2mi772CkTxZCQcomKV5S03TbQKwe1Kj4=",
        "owner": "viperML",
        "repo": "wrapper-manager",
        "rev": "c936f9203217e654a6074d206505c16432edbc70",
        "type": "github"
      },
      "original": {
        "owner": "viperML",
        "repo": "wrapper-manager",
        "type": "github"
      }
    }
  },
  "root": "root",
  "version": 7
}
